
Microsoft Visual Studio Solution File, Format Version 12.00
# Visual Studio Version 17
VisualStudioVersion = 17.7.34202.233
MinimumVisualStudioVersion = 10.0.40219.1
Project("{9A19103F-16F7-4668-BE54-9A1E7A4F7556}") = "AutoPcDemoWebsite", "AutoPcDemo\AutoPcDemoWebsite.csproj", "{EE528181-B948-4CC3-9259-BBDC26F0D114}"
EndProject
Project("{9A19103F-16F7-4668-BE54-9A1E7A4F7556}") = "DemoExporter", "DemoExporter\DemoExporter.csproj", "{DE610D2C-DF9E-459E-9627-49B10F75F766}"
EndProject
Project("{9A19103F-16F7-4668-BE54-9A1E7A4F7556}") = "AutoPC", "AutoPC\AutoPC.csproj", "{E57C09C4-1A9A-44CB-82C9-BC0EB9A58E4E}"
EndProject
Global
	GlobalSection(SolutionConfigurationPlatforms) = preSolution
		Debug|Any CPU = Debug|Any CPU
		Release|Any CPU = Release|Any CPU
	EndGlobalSection
	GlobalSection(ProjectConfigurationPlatforms) = postSolution
		{EE528181-B948-4CC3-9259-BBDC26F0D114}.Debug|Any CPU.ActiveCfg = Debug|Any CPU
		{EE528181-B948-4CC3-9259-BBDC26F0D114}.Debug|Any CPU.Build.0 = Debug|Any CPU
		{EE528181-B948-4CC3-9259-BBDC26F0D114}.Release|Any CPU.ActiveCfg = Release|Any CPU
		{EE528181-B948-4CC3-9259-BBDC26F0D114}.Release|Any CPU.Build.0 = Release|Any CPU
		{DE610D2C-DF9E-459E-9627-49B10F75F766}.Debug|Any CPU.ActiveCfg = Debug|Any CPU
		{DE610D2C-DF9E-459E-9627-49B10F75F766}.Debug|Any CPU.Build.0 = Debug|Any CPU
		{DE610D2C-DF9E-459E-9627-49B10F75F766}.Release|Any CPU.ActiveCfg = Release|Any CPU
		{DE610D2C-DF9E-459E-9627-49B10F75F766}.Release|Any CPU.Build.0 = Release|Any CPU
		{E57C09C4-1A9A-44CB-82C9-BC0EB9A58E4E}.Debug|Any CPU.ActiveCfg = Debug|Any CPU
		{E57C09C4-1A9A-44CB-82C9-BC0EB9A58E4E}.Debug|Any CPU.Build.0 = Debug|Any CPU
		{E57C09C4-1A9A-44CB-82C9-BC0EB9A58E4E}.Release|Any CPU.ActiveCfg = Release|Any CPU
		{E57C09C4-1A9A-44CB-82C9-BC0EB9A58E4E}.Release|Any CPU.Build.0 = Release|Any CPU
	EndGlobalSection
	GlobalSection(SolutionProperties) = preSolution
		HideSolutionNode = FALSE
	EndGlobalSection
	GlobalSection(ExtensibilityGlobals) = postSolution
		SolutionGuid = {1905C483-3B20-4025-A71F-DE71103BD5B7}
	EndGlobalSection
EndGlobal
